// !$*UTF8*$!
{
	archiveVersion = 1;
	classes = {
	};
	objectVersion = 48;
	objects = {

/* Begin PBXBuildFile section */
		810655DA1FFE87C000F9EC79 /* AppDelegate.swift in Sources */ = {isa = PBXBuildFile; fileRef = 810655D91FFE87C000F9EC79 /* AppDelegate.swift */; };
		810655E11FFE87C000F9EC79 /* Assets.xcassets in Resources */ = {isa = PBXBuildFile; fileRef = 810655E01FFE87C000F9EC79 /* Assets.xcassets */; };
		810655E41FFE87C000F9EC79 /* LaunchScreen.storyboard in Resources */ = {isa = PBXBuildFile; fileRef = 810655E21FFE87C000F9EC79 /* LaunchScreen.storyboard */; };
		810655EF1FFE87C000F9EC79 /* Exercise1Tests.swift in Sources */ = {isa = PBXBuildFile; fileRef = 810655EE1FFE87C000F9EC79 /* Exercise1Tests.swift */; };
		810655FA1FFE87C000F9EC79 /* Exercise1UITests.swift in Sources */ = {isa = PBXBuildFile; fileRef = 810655F91FFE87C000F9EC79 /* Exercise1UITests.swift */; };
		810656081FFE88D000F9EC79 /* MainViewController.swift in Sources */ = {isa = PBXBuildFile; fileRef = 810656071FFE88D000F9EC79 /* MainViewController.swift */; };
		8106560A1FFE8C6200F9EC79 /* CustomView.swift in Sources */ = {isa = PBXBuildFile; fileRef = 810656091FFE8C6200F9EC79 /* CustomView.swift */; };
/* End PBXBuildFile section */

/* Begin PBXContainerItemProxy section */
		810655EB1FFE87C000F9EC79 /* PBXContainerItemProxy */ = {
			isa = PBXContainerItemProxy;
			containerPortal = 810655CE1FFE87BF00F9EC79 /* Project object */;
			proxyType = 1;
			remoteGlobalIDString = 810655D51FFE87C000F9EC79;
			remoteInfo = Exercise1;
		};
		810655F61FFE87C000F9EC79 /* PBXContainerItemProxy */ = {
			isa = PBXContainerItemProxy;
			containerPortal = 810655CE1FFE87BF00F9EC79 /* Project object */;
			proxyType = 1;
			remoteGlobalIDString = 810655D51FFE87C000F9EC79;
			remoteInfo = Exercise1;
		};
/* End PBXContainerItemProxy section */

/* Begin PBXFileReference section */
		810655D61FFE87C000F9EC79 /* Exercise1.app */ = {isa = PBXFileReference; explicitFileType = wrapper.application; includeInIndex = 0; path = Exercise1.app; sourceTree = BUILT_PRODUCTS_DIR; };
		810655D91FFE87C000F9EC79 /* AppDelegate.swift */ = {isa = PBXFileReference; lastKnownFileType = sourcecode.swift; path = AppDelegate.swift; sourceTree = "<group>"; };
		810655E01FFE87C000F9EC79 /* Assets.xcassets */ = {isa = PBXFileReference; lastKnownFileType = folder.assetcatalog; path = Assets.xcassets; sourceTree = "<group>"; };
		810655E31FFE87C000F9EC79 /* Base */ = {isa = PBXFileReference; lastKnownFileType = file.storyboard; name = Base; path = Base.lproj/LaunchScreen.storyboard; sourceTree = "<group>"; };
		810655E51FFE87C000F9EC79 /* Info.plist */ = {isa = PBXFileReference; lastKnownFileType = text.plist.xml; path = Info.plist; sourceTree = "<group>"; };
		810655EA1FFE87C000F9EC79 /* Exercise1Tests.xctest */ = {isa = PBXFileReference; explicitFileType = wrapper.cfbundle; includeInIndex = 0; path = Exercise1Tests.xctest; sourceTree = BUILT_PRODUCTS_DIR; };
		810655EE1FFE87C000F9EC79 /* Exercise1Tests.swift */ = {isa = PBXFileReference; lastKnownFileType = sourcecode.swift; path = Exercise1Tests.swift; sourceTree = "<group>"; };
		810655F01FFE87C000F9EC79 /* Info.plist */ = {isa = PBXFileReference; lastKnownFileType = text.plist.xml; path = Info.plist; sourceTree = "<group>"; };
		810655F51FFE87C000F9EC79 /* Exercise1UITests.xctest */ = {isa = PBXFileReference; explicitFileType = wrapper.cfbundle; includeInIndex = 0; path = Exercise1UITests.xctest; sourceTree = BUILT_PRODUCTS_DIR; };
		810655F91FFE87C000F9EC79 /* Exercise1UITests.swift */ = {isa = PBXFileReference; lastKnownFileType = sourcecode.swift; path = Exercise1UITests.swift; sourceTree = "<group>"; };
		810655FB1FFE87C000F9EC79 /* Info.plist */ = {isa = PBXFileReference; lastKnownFileType = text.plist.xml; path = Info.plist; sourceTree = "<group>"; };
		810656071FFE88D000F9EC79 /* MainViewController.swift */ = {isa = PBXFileReference; lastKnownFileType = sourcecode.swift; path = MainViewController.swift; sourceTree = "<group>"; };
		810656091FFE8C6200F9EC79 /* CustomView.swift */ = {isa = PBXFileReference; lastKnownFileType = sourcecode.swift; path = CustomView.swift; sourceTree = "<group>"; };
/* End PBXFileReference section */

/* Begin PBXFrameworksBuildPhase section */
		810655D31FFE87C000F9EC79 /* Frameworks */ = {
			isa = PBXFrameworksBuildPhase;
			buildActionMask = 2147483647;
			files = (
			);
			runOnlyForDeploymentPostprocessing = 0;
		};
		810655E71FFE87C000F9EC79 /* Frameworks */ = {
			isa = PBXFrameworksBuildPhase;
			buildActionMask = 2147483647;
			files = (
			);
			runOnlyForDeploymentPostprocessing = 0;
		};
		810655F21FFE87C000F9EC79 /* Frameworks */ = {
			isa = PBXFrameworksBuildPhase;
			buildActionMask = 2147483647;
			files = (
			);
			runOnlyForDeploymentPostprocessing = 0;
		};
/* End PBXFrameworksBuildPhase section */

/* Begin PBXGroup section */
		810655CD1FFE87BF00F9EC79 = {
			isa = PBXGroup;
			children = (
				810655D81FFE87C000F9EC79 /* Exercise1 */,
				810655ED1FFE87C000F9EC79 /* Exercise1Tests */,
				810655F81FFE87C000F9EC79 /* Exercise1UITests */,
				810655D71FFE87C000F9EC79 /* Products */,
			);
			sourceTree = "<group>";
		};
		810655D71FFE87C000F9EC79 /* Products */ = {
			isa = PBXGroup;
			children = (
				810655D61FFE87C000F9EC79 /* Exercise1.app */,
				810655EA1FFE87C000F9EC79 /* Exercise1Tests.xctest */,
				810655F51FFE87C000F9EC79 /* Exercise1UITests.xctest */,
			);
			name = Products;
			sourceTree = "<group>";
		};
		810655D81FFE87C000F9EC79 /* Exercise1 */ = {
			isa = PBXGroup;
			children = (
				8106560F1FFF33DF00F9EC79 /* Views */,
				8106560E1FFF33C700F9EC79 /* ViewControllers */,
				8106560D1FFF33AF00F9EC79 /* Supporting Files */,
				810655E51FFE87C000F9EC79 /* Info.plist */,
			);
			path = Exercise1;
			sourceTree = "<group>";
		};
		810655ED1FFE87C000F9EC79 /* Exercise1Tests */ = {
			isa = PBXGroup;
			children = (
				810655EE1FFE87C000F9EC79 /* Exercise1Tests.swift */,
				810655F01FFE87C000F9EC79 /* Info.plist */,
			);
			path = Exercise1Tests;
			sourceTree = "<group>";
		};
		810655F81FFE87C000F9EC79 /* Exercise1UITests */ = {
			isa = PBXGroup;
			children = (
				810655F91FFE87C000F9EC79 /* Exercise1UITests.swift */,
				810655FB1FFE87C000F9EC79 /* Info.plist */,
			);
			path = Exercise1UITests;
			sourceTree = "<group>";
		};
		8106560D1FFF33AF00F9EC79 /* Supporting Files */ = {
			isa = PBXGroup;
			children = (
				810655D91FFE87C000F9EC79 /* AppDelegate.swift */,
				810655E01FFE87C000F9EC79 /* Assets.xcassets */,
				810655E21FFE87C000F9EC79 /* LaunchScreen.storyboard */,
			);
			path = "Supporting Files";
			sourceTree = "<group>";
		};
		8106560E1FFF33C700F9EC79 /* ViewControllers */ = {
			isa = PBXGroup;
			children = (
				810656071FFE88D000F9EC79 /* MainViewController.swift */,
			);
			path = ViewControllers;
			sourceTree = "<group>";
		};
		8106560F1FFF33DF00F9EC79 /* Views */ = {
			isa = PBXGroup;
			children = (
				810656091FFE8C6200F9EC79 /* CustomView.swift */,
			);
			path = Views;
			sourceTree = "<group>";
		};
/* End PBXGroup section */

/* Begin PBXNativeTarget section */
		810655D51FFE87C000F9EC79 /* Exercise1 */ = {
			isa = PBXNativeTarget;
			buildConfigurationList = 810655FE1FFE87C000F9EC79 /* Build configuration list for PBXNativeTarget "Exercise1" */;
			buildPhases = (
				810655D21FFE87C000F9EC79 /* Sources */,
				810655D31FFE87C000F9EC79 /* Frameworks */,
				810655D41FFE87C000F9EC79 /* Resources */,
			);
			buildRules = (
			);
			dependencies = (
			);
			name = Exercise1;
			productName = Exercise1;
			productReference = 810655D61FFE87C000F9EC79 /* Exercise1.app */;
			productType = "com.apple.product-type.application";
		};
		810655E91FFE87C000F9EC79 /* Exercise1Tests */ = {
			isa = PBXNativeTarget;
			buildConfigurationList = 810656011FFE87C000F9EC79 /* Build configuration list for PBXNativeTarget "Exercise1Tests" */;
			buildPhases = (
				810655E61FFE87C000F9EC79 /* Sources */,
				810655E71FFE87C000F9EC79 /* Frameworks */,
				810655E81FFE87C000F9EC79 /* Resources */,
			);
			buildRules = (
			);
			dependencies = (
				810655EC1FFE87C000F9EC79 /* PBXTargetDependency */,
			);
			name = Exercise1Tests;
			productName = Exercise1Tests;
			productReference = 810655EA1FFE87C000F9EC79 /* Exercise1Tests.xctest */;
			productType = "com.apple.product-type.bundle.unit-test";
		};
		810655F41FFE87C000F9EC79 /* Exercise1UITests */ = {
			isa = PBXNativeTarget;
			buildConfigurationList = 810656041FFE87C000F9EC79 /* Build configuration list for PBXNativeTarget "Exercise1UITests" */;
			buildPhases = (
				810655F11FFE87C000F9EC79 /* Sources */,
				810655F21FFE87C000F9EC79 /* Frameworks */,
				810655F31FFE87C000F9EC79 /* Resources */,
			);
			buildRules = (
			);
			dependencies = (
				810655F71FFE87C000F9EC79 /* PBXTargetDependency */,
			);
			name = Exercise1UITests;
			productName = Exercise1UITests;
			productReference = 810655F51FFE87C000F9EC79 /* Exercise1UITests.xctest */;
			productType = "com.apple.product-type.bundle.ui-testing";
		};
/* End PBXNativeTarget section */

/* Begin PBXProject section */
		810655CE1FFE87BF00F9EC79 /* Project object */ = {
			isa = PBXProject;
			attributes = {
				LastSwiftUpdateCheck = 0910;
				LastUpgradeCheck = 0910;
				ORGANIZATIONNAME = C4Q;
				TargetAttributes = {
					810655D51FFE87C000F9EC79 = {
						CreatedOnToolsVersion = 9.1;
						ProvisioningStyle = Automatic;
					};
					810655E91FFE87C000F9EC79 = {
						CreatedOnToolsVersion = 9.1;
						ProvisioningStyle = Automatic;
						TestTargetID = 810655D51FFE87C000F9EC79;
					};
					810655F41FFE87C000F9EC79 = {
						CreatedOnToolsVersion = 9.1;
						ProvisioningStyle = Automatic;
						TestTargetID = 810655D51FFE87C000F9EC79;
					};
				};
			};
			buildConfigurationList = 810655D11FFE87BF00F9EC79 /* Build configuration list for PBXProject "Exercise1" */;
			compatibilityVersion = "Xcode 8.0";
			developmentRegion = en;
			hasScannedForEncodings = 0;
			knownRegions = (
				en,
				Base,
			);
			mainGroup = 810655CD1FFE87BF00F9EC79;
			productRefGroup = 810655D71FFE87C000F9EC79 /* Products */;
			projectDirPath = "";
			projectRoot = "";
			targets = (
				810655D51FFE87C000F9EC79 /* Exercise1 */,
				810655E91FFE87C000F9EC79 /* Exercise1Tests */,
				810655F41FFE87C000F9EC79 /* Exercise1UITests */,
			);
		};
/* End PBXProject section */

/* Begin PBXResourcesBuildPhase section */
		810655D41FFE87C000F9EC79 /* Resources */ = {
			isa = PBXResourcesBuildPhase;
			buildActionMask = 2147483647;
			files = (
				810655E41FFE87C000F9EC79 /* LaunchScreen.storyboard in Resources */,
				810655E11FFE87C000F9EC79 /* Assets.xcassets in Resources */,
			);
			runOnlyForDeploymentPostprocessing = 0;
		};
		810655E81FFE87C000F9EC79 /* Resources */ = {
			isa = PBXResourcesBuildPhase;
			buildActionMask = 2147483647;
			files = (
			);
			runOnlyForDeploymentPostprocessing = 0;
		};
		810655F31FFE87C000F9EC79 /* Resources */ = {
			isa = PBXResourcesBuildPhase;
			buildActionMask = 2147483647;
			files = (
			);
			runOnlyForDeploymentPostprocessing = 0;
		};
/* End PBXResourcesBuildPhase section */

/* Begin PBXSourcesBuildPhase section */
		810655D21FFE87C000F9EC79 /* Sources */ = {
			isa = PBXSourcesBuildPhase;
			buildActionMask = 2147483647;
			files = (
				8106560A1FFE8C6200F9EC79 /* CustomView.swift in Sources */,
				810656081FFE88D000F9EC79 /* MainViewController.swift in Sources */,
				810655DA1FFE87C000F9EC79 /* AppDelegate.swift in Sources */,
			);
			runOnlyForDeploymentPostprocessing = 0;
		};
		810655E61FFE87C000F9EC79 /* Sources */ = {
			isa = PBXSourcesBuildPhase;
			buildActionMask = 2147483647;
			files = (
				810655EF1FFE87C000F9EC79 /* Exercise1Tests.swift in Sources */,
			);
			runOnlyForDeploymentPostprocessing = 0;
		};
		810655F11FFE87C000F9EC79 /* Sources */ = {
			isa = PBXSourcesBuildPhase;
			buildActionMask = 2147483647;
			files = (
				810655FA1FFE87C000F9EC79 /* Exercise1UITests.swift in Sources */,
			);
			runOnlyForDeploymentPostprocessing = 0;
		};
/* End PBXSourcesBuildPhase section */

/* Begin PBXTargetDependency section */
		810655EC1FFE87C000F9EC79 /* PBXTargetDependency */ = {
			isa = PBXTargetDependency;
			target = 810655D51FFE87C000F9EC79 /* Exercise1 */;
			targetProxy = 810655EB1FFE87C000F9EC79 /* PBXContainerItemProxy */;
		};
		810655F71FFE87C000F9EC79 /* PBXTargetDependency */ = {
			isa = PBXTargetDependency;
			target = 810655D51FFE87C000F9EC79 /* Exercise1 */;
			targetProxy = 810655F61FFE87C000F9EC79 /* PBXContainerItemProxy */;
		};
/* End PBXTargetDependency section */

/* Begin PBXVariantGroup section */
		810655E21FFE87C000F9EC79 /* LaunchScreen.storyboard */ = {
			isa = PBXVariantGroup;
			children = (
				810655E31FFE87C000F9EC79 /* Base */,
			);
			name = LaunchScreen.storyboard;
			sourceTree = "<group>";
		};
/* End PBXVariantGroup section */

/* Begin XCBuildConfiguration section */
		810655FC1FFE87C000F9EC79 /* Debug */ = {
			isa = XCBuildConfiguration;
			buildSettings = {
				ALWAYS_SEARCH_USER_PATHS = NO;
				CLANG_ANALYZER_NONNULL = YES;
				CLANG_ANALYZER_NUMBER_OBJECT_CONVERSION = YES_AGGRESSIVE;
				CLANG_CXX_LANGUAGE_STANDARD = "gnu++14";
				CLANG_CXX_LIBRARY = "libc++";
				CLANG_ENABLE_MODULES = YES;
				CLANG_ENABLE_OBJC_ARC = YES;
				CLANG_WARN_BLOCK_CAPTURE_AUTORELEASING = YES;
				CLANG_WARN_BOOL_CONVERSION = YES;
				CLANG_WARN_COMMA = YES;
				CLANG_WARN_CONSTANT_CONVERSION = YES;
				CLANG_WARN_DIRECT_OBJC_ISA_USAGE = YES_ERROR;
				CLANG_WARN_DOCUMENTATION_COMMENTS = YES;
				CLANG_WARN_EMPTY_BODY = YES;
				CLANG_WARN_ENUM_CONVERSION = YES;
				CLANG_WARN_INFINITE_RECURSION = YES;
				CLANG_WARN_INT_CONVERSION = YES;
				CLANG_WARN_NON_LITERAL_NULL_CONVERSION = YES;
				CLANG_WARN_OBJC_LITERAL_CONVERSION = YES;
				CLANG_WARN_OBJC_ROOT_CLASS = YES_ERROR;
				CLANG_WARN_RANGE_LOOP_ANALYSIS = YES;
				CLANG_WARN_STRICT_PROTOTYPES = YES;
				CLANG_WARN_SUSPICIOUS_MOVE = YES;
				CLANG_WARN_UNGUARDED_AVAILABILITY = YES_AGGRESSIVE;
				CLANG_WARN_UNREACHABLE_CODE = YES;
				CLANG_WARN__DUPLICATE_METHOD_MATCH = YES;
				CODE_SIGN_IDENTITY = "iPhone Developer";
				COPY_PHASE_STRIP = NO;
				DEBUG_INFORMATION_FORMAT = dwarf;
				ENABLE_STRICT_OBJC_MSGSEND = YES;
				ENABLE_TESTABILITY = YES;
				GCC_C_LANGUAGE_STANDARD = gnu11;
				GCC_DYNAMIC_NO_PIC = NO;
				GCC_NO_COMMON_BLOCKS = YES;
				GCC_OPTIMIZATION_LEVEL = 0;
				GCC_PREPROCESSOR_DEFINITIONS = (
					"DEBUG=1",
					"$(inherited)",
				);
				GCC_WARN_64_TO_32_BIT_CONVERSION = YES;
				GCC_WARN_ABOUT_RETURN_TYPE = YES_ERROR;
				GCC_WARN_UNDECLARED_SELECTOR = YES;
				GCC_WARN_UNINITIALIZED_AUTOS = YES_AGGRESSIVE;
				GCC_WARN_UNUSED_FUNCTION = YES;
				GCC_WARN_UNUSED_VARIABLE = YES;
				IPHONEOS_DEPLOYMENT_TARGET = 11.1;
				MTL_ENABLE_DEBUG_INFO = YES;
				ONLY_ACTIVE_ARCH = YES;
				SDKROOT = iphoneos;
				SWIFT_ACTIVE_COMPILATION_CONDITIONS = DEBUG;
				SWIFT_OPTIMIZATION_LEVEL = "-Onone";
			};
			name = Debug;
		};
		810655FD1FFE87C000F9EC79 /* Release */ = {
			isa = XCBuildConfiguration;
			buildSettings = {
				ALWAYS_SEARCH_USER_PATHS = NO;
				CLANG_ANALYZER_NONNULL = YES;
				CLANG_ANALYZER_NUMBER_OBJECT_CONVERSION = YES_AGGRESSIVE;
				CLANG_CXX_LANGUAGE_STANDARD = "gnu++14";
				CLANG_CXX_LIBRARY = "libc++";
				CLANG_ENABLE_MODULES = YES;
				CLANG_ENABLE_OBJC_ARC = YES;
				CLANG_WARN_BLOCK_CAPTURE_AUTORELEASING = YES;
				CLANG_WARN_BOOL_CONVERSION = YES;
				CLANG_WARN_COMMA = YES;
				CLANG_WARN_CONSTANT_CONVERSION = YES;
				CLANG_WARN_DIRECT_OBJC_ISA_USAGE = YES_ERROR;
				CLANG_WARN_DOCUMENTATION_COMMENTS = YES;
				CLANG_WARN_EMPTY_BODY = YES;
				CLANG_WARN_ENUM_CONVERSION = YES;
				CLANG_WARN_INFINITE_RECURSION = YES;
				CLANG_WARN_INT_CONVERSION = YES;
				CLANG_WARN_NON_LITERAL_NULL_CONVERSION = YES;
				CLANG_WARN_OBJC_LITERAL_CONVERSION = YES;
				CLANG_WARN_OBJC_ROOT_CLASS = YES_ERROR;
				CLANG_WARN_RANGE_LOOP_ANALYSIS = YES;
				CLANG_WARN_STRICT_PROTOTYPES = YES;
				CLANG_WARN_SUSPICIOUS_MOVE = YES;
				CLANG_WARN_UNGUARDED_AVAILABILITY = YES_AGGRESSIVE;
				CLANG_WARN_UNREACHABLE_CODE = YES;
				CLANG_WARN__DUPLICATE_METHOD_MATCH = YES;
				CODE_SIGN_IDENTITY = "iPhone Developer";
				COPY_PHASE_STRIP = NO;
				DEBUG_INFORMATION_FORMAT = "dwarf-with-dsym";
				ENABLE_NS_ASSERTIONS = NO;
				ENABLE_STRICT_OBJC_MSGSEND = YES;
				GCC_C_LANGUAGE_STANDARD = gnu11;
				GCC_NO_COMMON_BLOCKS = YES;
				GCC_WARN_64_TO_32_BIT_CONVERSION = YES;
				GCC_WARN_ABOUT_RETURN_TYPE = YES_ERROR;
				GCC_WARN_UNDECLARED_SELECTOR = YES;
				GCC_WARN_UNINITIALIZED_AUTOS = YES_AGGRESSIVE;
				GCC_WARN_UNUSED_FUNCTION = YES;
				GCC_WARN_UNUSED_VARIABLE = YES;
				IPHONEOS_DEPLOYMENT_TARGET = 11.1;
				MTL_ENABLE_DEBUG_INFO = NO;
				SDKROOT = iphoneos;
				SWIFT_OPTIMIZATION_LEVEL = "-Owholemodule";
				VALIDATE_PRODUCT = YES;
			};
			name = Release;
		};
		810655FF1FFE87C000F9EC79 /* Debug */ = {
			isa = XCBuildConfiguration;
			buildSettings = {
				ASSETCATALOG_COMPILER_APPICON_NAME = AppIcon;
				CODE_SIGN_STYLE = Automatic;
				INFOPLIST_FILE = Exercise1/Info.plist;
				LD_RUNPATH_SEARCH_PATHS = "$(inherited) @executable_path/Frameworks";
				PRODUCT_BUNDLE_IDENTIFIER = ac.c4q.nyc.Exercise1;
				PRODUCT_NAME = "$(TARGET_NAME)";
				SWIFT_VERSION = 4.0;
				TARGETED_DEVICE_FAMILY = "1,2";
			};
			name = Debug;
		};
		810656001FFE87C000F9EC79 /* Release */ = {
			isa = XCBuildConfiguration;
			buildSettings = {
				ASSETCATALOG_COMPILER_APPICON_NAME = AppIcon;
				CODE_SIGN_STYLE = Automatic;
				INFOPLIST_FILE = Exercise1/Info.plist;
				LD_RUNPATH_SEARCH_PATHS = "$(inherited) @executable_path/Frameworks";
				PRODUCT_BUNDLE_IDENTIFIER = ac.c4q.nyc.Exercise1;
				PRODUCT_NAME = "$(TARGET_NAME)";
				SWIFT_VERSION = 4.0;
				TARGETED_DEVICE_FAMILY = "1,2";
			};
			name = Release;
		};
		810656021FFE87C000F9EC79 /* Debug */ = {
			isa = XCBuildConfiguration;
			buildSettings = {
				ALWAYS_EMBED_SWIFT_STANDARD_LIBRARIES = YES;
				BUNDLE_LOADER = "$(TEST_HOST)";
				CODE_SIGN_STYLE = Automatic;
				INFOPLIST_FILE = Exercise1Tests/Info.plist;
				LD_RUNPATH_SEARCH_PATHS = "$(inherited) @executable_path/Frameworks @loader_path/Frameworks";
				PRODUCT_BUNDLE_IDENTIFIER = ac.c4q.nyc.Exercise1Tests;
				PRODUCT_NAME = "$(TARGET_NAME)";
				SWIFT_VERSION = 4.0;
				TARGETED_DEVICE_FAMILY = "1,2";
				TEST_HOST = "$(BUILT_PRODUCTS_DIR)/Exercise1.app/Exercise1";
			};
			name = Debug;
		};
		810656031FFE87C000F9EC79 /* Release */ = {
			isa = XCBuildConfiguration;
			buildSettings = {
				ALWAYS_EMBED_SWIFT_STANDARD_LIBRARIES = YES;
				BUNDLE_LOADER = "$(TEST_HOST)";
				CODE_SIGN_STYLE = Automatic;
				INFOPLIST_FILE = Exercise1Tests/Info.plist;
				LD_RUNPATH_SEARCH_PATHS = "$(inherited) @executable_path/Frameworks @loader_path/Frameworks";
				PRODUCT_BUNDLE_IDENTIFIER = ac.c4q.nyc.Exercise1Tests;
				PRODUCT_NAME = "$(TARGET_NAME)";
				SWIFT_VERSION = 4.0;
				TARGETED_DEVICE_FAMILY = "1,2";
				TEST_HOST = "$(BUILT_PRODUCTS_DIR)/Exercise1.app/Exercise1";
			};
			name = Release;
		};
		810656051FFE87C000F9EC79 /* Debug */ = {
			isa = XCBuildConfiguration;
			buildSettings = {
				ALWAYS_EMBED_SWIFT_STANDARD_LIBRARIES = YES;
				CODE_SIGN_STYLE = Automatic;
				INFOPLIST_FILE = Exercise1UITests/Info.plist;
				LD_RUNPATH_SEARCH_PATHS = "$(inherited) @executable_path/Frameworks @loader_path/Frameworks";
				PRODUCT_BUNDLE_IDENTIFIER = ac.c4q.nyc.Exercise1UITests;
				PRODUCT_NAME = "$(TARGET_NAME)";
				SWIFT_VERSION = 4.0;
				TARGETED_DEVICE_FAMILY = "1,2";
				TEST_TARGET_NAME = Exercise1;
			};
			name = Debug;
		};
		810656061FFE87C000F9EC79 /* Release */ = {
			isa = XCBuildConfiguration;
			buildSettings = {
				ALWAYS_EMBED_SWIFT_STANDARD_LIBRARIES = YES;
				CODE_SIGN_STYLE = Automatic;
				INFOPLIST_FILE = Exercise1UITests/Info.plist;
				LD_RUNPATH_SEARCH_PATHS = "$(inherited) @executable_path/Frameworks @loader_path/Frameworks";
				PRODUCT_BUNDLE_IDENTIFIER = ac.c4q.nyc.Exercise1UITests;
				PRODUCT_NAME = "$(TARGET_NAME)";
				SWIFT_VERSION = 4.0;
				TARGETED_DEVICE_FAMILY = "1,2";
				TEST_TARGET_NAME = Exercise1;
			};
			name = Release;
		};
/* End XCBuildConfiguration section */

/* Begin XCConfigurationList section */
		810655D11FFE87BF00F9EC79 /* Build configuration list for PBXProject "Exercise1" */ = {
			isa = XCConfigurationList;
			buildConfigurations = (
				810655FC1FFE87C000F9EC79 /* Debug */,
				810655FD1FFE87C000F9EC79 /* Release */,
			);
			defaultConfigurationIsVisible = 0;
			defaultConfigurationName = Release;
		};
		810655FE1FFE87C000F9EC79 /* Build configuration list for PBXNativeTarget "Exercise1" */ = {
			isa = XCConfigurationList;
			buildConfigurations = (
				810655FF1FFE87C000F9EC79 /* Debug */,
				810656001FFE87C000F9EC79 /* Release */,
			);
			defaultConfigurationIsVisible = 0;
			defaultConfigurationName = Release;
		};
		810656011FFE87C000F9EC79 /* Build configuration list for PBXNativeTarget "Exercise1Tests" */ = {
			isa = XCConfigurationList;
			buildConfigurations = (
				810656021FFE87C000F9EC79 /* Debug */,
				810656031FFE87C000F9EC79 /* Release */,
			);
			defaultConfigurationIsVisible = 0;
			defaultConfigurationName = Release;
		};
		810656041FFE87C000F9EC79 /* Build configuration list for PBXNativeTarget "Exercise1UITests" */ = {
			isa = XCConfigurationList;
			buildConfigurations = (
				810656051FFE87C000F9EC79 /* Debug */,
				810656061FFE87C000F9EC79 /* Release */,
			);
			defaultConfigurationIsVisible = 0;
			defaultConfigurationName = Release;
		};
/* End XCConfigurationList section */
	};
	rootObject = 810655CE1FFE87BF00F9EC79 /* Project object */;
}
